// !$*UTF8*$!
{
	archiveVersion = 1;
	classes = {
	};
	objectVersion = 46;
	objects = {

/* Begin PBXBuildFile section */
		E0AE84BA1CFECD0900AA84FB /* main.m in Sources */ = {isa = PBXBuildFile; fileRef = E0AE84B91CFECD0900AA84FB /* main.m */; };
		E0AE84BD1CFECD0900AA84FB /* AppDelegate.m in Sources */ = {isa = PBXBuildFile; fileRef = E0AE84BC1CFECD0900AA84FB /* AppDelegate.m */; };
		E0AE84C01CFECD0900AA84FB /* ViewController.m in Sources */ = {isa = PBXBuildFile; fileRef = E0AE84BF1CFECD0900AA84FB /* ViewController.m */; };
		E0AE84C51CFECD0900AA84FB /* Assets.xcassets in Resources */ = {isa = PBXBuildFile; fileRef = E0AE84C41CFECD0900AA84FB /* Assets.xcassets */; };
		E0AE84C81CFECD0900AA84FB /* LaunchScreen.storyboard in Resources */ = {isa = PBXBuildFile; fileRef = E0AE84C61CFECD0900AA84FB /* LaunchScreen.storyboard */; };
		E0AE84D31CFECD0900AA84FB /* ZHTabBarTests.m in Sources */ = {isa = PBXBuildFile; fileRef = E0AE84D21CFECD0900AA84FB /* ZHTabBarTests.m */; };
		E0AE84DE1CFECD0900AA84FB /* ZHTabBarUITests.m in Sources */ = {isa = PBXBuildFile; fileRef = E0AE84DD1CFECD0900AA84FB /* ZHTabBarUITests.m */; };
		E0AE84F31CFECFBC00AA84FB /* ZHTabBarViewController.m in Sources */ = {isa = PBXBuildFile; fileRef = E0AE84F21CFECFBC00AA84FB /* ZHTabBarViewController.m */; };
		E0AE84F61CFED05C00AA84FB /* ZHTabBar.m in Sources */ = {isa = PBXBuildFile; fileRef = E0AE84F51CFED05C00AA84FB /* ZHTabBar.m */; };
		E0AE84F91CFED24E00AA84FB /* ZHFirstViewController.m in Sources */ = {isa = PBXBuildFile; fileRef = E0AE84F81CFED24E00AA84FB /* ZHFirstViewController.m */; };
		E0AE84FC1CFED25B00AA84FB /* ZHSecondViewController.m in Sources */ = {isa = PBXBuildFile; fileRef = E0AE84FB1CFED25B00AA84FB /* ZHSecondViewController.m */; };
		E0AE84FF1CFED26700AA84FB /* ZHThirdViewController.m in Sources */ = {isa = PBXBuildFile; fileRef = E0AE84FE1CFED26700AA84FB /* ZHThirdViewController.m */; };
		E0AE85021CFED27200AA84FB /* ZHFourthViewController.m in Sources */ = {isa = PBXBuildFile; fileRef = E0AE85011CFED27200AA84FB /* ZHFourthViewController.m */; };
		E0AE85051CFED29100AA84FB /* ZHMiddleViewController.m in Sources */ = {isa = PBXBuildFile; fileRef = E0AE85041CFED29100AA84FB /* ZHMiddleViewController.m */; };
		E0AE85091CFED7C800AA84FB /* ZHNavigationViewController.m in Sources */ = {isa = PBXBuildFile; fileRef = E0AE85081CFED7C800AA84FB /* ZHNavigationViewController.m */; };
		E0AE850C1CFEDC5C00AA84FB /* ZHTabBarButton.m in Sources */ = {isa = PBXBuildFile; fileRef = E0AE850B1CFEDC5C00AA84FB /* ZHTabBarButton.m */; };
		E0AE850F1CFEDC7600AA84FB /* ZHTabBarBigButton.m in Sources */ = {isa = PBXBuildFile; fileRef = E0AE850E1CFEDC7600AA84FB /* ZHTabBarBigButton.m */; };
		E0AE85121CFEDCE800AA84FB /* ZHBadgeView.m in Sources */ = {isa = PBXBuildFile; fileRef = E0AE85111CFEDCE800AA84FB /* ZHBadgeView.m */; };
		E0AE85151CFEDD2C00AA84FB /* UIView+Extension.m in Sources */ = {isa = PBXBuildFile; fileRef = E0AE85141CFEDD2C00AA84FB /* UIView+Extension.m */; };
		E0AE85191CFEDE2000AA84FB /* UIImage+Extension.m in Sources */ = {isa = PBXBuildFile; fileRef = E0AE85181CFEDE2000AA84FB /* UIImage+Extension.m */; };
		E0AE851C1CFEE18100AA84FB /* UIBarButtonItem+Extension.m in Sources */ = {isa = PBXBuildFile; fileRef = E0AE851B1CFEE18100AA84FB /* UIBarButtonItem+Extension.m */; };
		E0AE851F1CFEE1D600AA84FB /* UIFont+Extension.m in Sources */ = {isa = PBXBuildFile; fileRef = E0AE851E1CFEE1D600AA84FB /* UIFont+Extension.m */; };
/* End PBXBuildFile section */

/* Begin PBXContainerItemProxy section */
		E0AE84CF1CFECD0900AA84FB /* PBXContainerItemProxy */ = {
			isa = PBXContainerItemProxy;
			containerPortal = E0AE84AD1CFECD0800AA84FB /* Project object */;
			proxyType = 1;
			remoteGlobalIDString = E0AE84B41CFECD0800AA84FB;
			remoteInfo = ZHTabBar;
		};
		E0AE84DA1CFECD0900AA84FB /* PBXContainerItemProxy */ = {
			isa = PBXContainerItemProxy;
			containerPortal = E0AE84AD1CFECD0800AA84FB /* Project object */;
			proxyType = 1;
			remoteGlobalIDString = E0AE84B41CFECD0800AA84FB;
			remoteInfo = ZHTabBar;
		};
/* End PBXContainerItemProxy section */

/* Begin PBXFileReference section */
		E0AE84B51CFECD0800AA84FB /* ZHTabBar.app */ = {isa = PBXFileReference; explicitFileType = wrapper.application; includeInIndex = 0; path = ZHTabBar.app; sourceTree = BUILT_PRODUCTS_DIR; };
		E0AE84B91CFECD0900AA84FB /* main.m */ = {isa = PBXFileReference; lastKnownFileType = sourcecode.c.objc; path = main.m; sourceTree = "<group>"; };
		E0AE84BB1CFECD0900AA84FB /* AppDelegate.h */ = {isa = PBXFileReference; lastKnownFileType = sourcecode.c.h; path = AppDelegate.h; sourceTree = "<group>"; };
		E0AE84BC1CFECD0900AA84FB /* AppDelegate.m */ = {isa = PBXFileReference; lastKnownFileType = sourcecode.c.objc; path = AppDelegate.m; sourceTree = "<group>"; };
		E0AE84BE1CFECD0900AA84FB /* ViewController.h */ = {isa = PBXFileReference; lastKnownFileType = sourcecode.c.h; path = ViewController.h; sourceTree = "<group>"; };
		E0AE84BF1CFECD0900AA84FB /* ViewController.m */ = {isa = PBXFileReference; lastKnownFileType = sourcecode.c.objc; path = ViewController.m; sourceTree = "<group>"; };
		E0AE84C41CFECD0900AA84FB /* Assets.xcassets */ = {isa = PBXFileReference; lastKnownFileType = folder.assetcatalog; path = Assets.xcassets; sourceTree = "<group>"; };
		E0AE84C71CFECD0900AA84FB /* Base */ = {isa = PBXFileReference; lastKnownFileType = file.storyboard; name = Base; path = Base.lproj/LaunchScreen.storyboard; sourceTree = "<group>"; };
		E0AE84C91CFECD0900AA84FB /* Info.plist */ = {isa = PBXFileReference; lastKnownFileType = text.plist.xml; path = Info.plist; sourceTree = "<group>"; };
		E0AE84CE1CFECD0900AA84FB /* ZHTabBarTests.xctest */ = {isa = PBXFileReference; explicitFileType = wrapper.cfbundle; includeInIndex = 0; path = ZHTabBarTests.xctest; sourceTree = BUILT_PRODUCTS_DIR; };
		E0AE84D21CFECD0900AA84FB /* ZHTabBarTests.m */ = {isa = PBXFileReference; lastKnownFileType = sourcecode.c.objc; path = ZHTabBarTests.m; sourceTree = "<group>"; };
		E0AE84D41CFECD0900AA84FB /* Info.plist */ = {isa = PBXFileReference; lastKnownFileType = text.plist.xml; path = Info.plist; sourceTree = "<group>"; };
		E0AE84D91CFECD0900AA84FB /* ZHTabBarUITests.xctest */ = {isa = PBXFileReference; explicitFileType = wrapper.cfbundle; includeInIndex = 0; path = ZHTabBarUITests.xctest; sourceTree = BUILT_PRODUCTS_DIR; };
		E0AE84DD1CFECD0900AA84FB /* ZHTabBarUITests.m */ = {isa = PBXFileReference; lastKnownFileType = sourcecode.c.objc; path = ZHTabBarUITests.m; sourceTree = "<group>"; };
		E0AE84DF1CFECD0900AA84FB /* Info.plist */ = {isa = PBXFileReference; lastKnownFileType = text.plist.xml; path = Info.plist; sourceTree = "<group>"; };
		E0AE84F11CFECFBC00AA84FB /* ZHTabBarViewController.h */ = {isa = PBXFileReference; fileEncoding = 4; lastKnownFileType = sourcecode.c.h; path = ZHTabBarViewController.h; sourceTree = "<group>"; };
		E0AE84F21CFECFBC00AA84FB /* ZHTabBarViewController.m */ = {isa = PBXFileReference; fileEncoding = 4; lastKnownFileType = sourcecode.c.objc; path = ZHTabBarViewController.m; sourceTree = "<group>"; };
		E0AE84F41CFED05C00AA84FB /* ZHTabBar.h */ = {isa = PBXFileReference; fileEncoding = 4; lastKnownFileType = sourcecode.c.h; path = ZHTabBar.h; sourceTree = "<group>"; };
		E0AE84F51CFED05C00AA84FB /* ZHTabBar.m */ = {isa = PBXFileReference; fileEncoding = 4; lastKnownFileType = sourcecode.c.objc; path = ZHTabBar.m; sourceTree = "<group>"; };
		E0AE84F71CFED24E00AA84FB /* ZHFirstViewController.h */ = {isa = PBXFileReference; fileEncoding = 4; lastKnownFileType = sourcecode.c.h; path = ZHFirstViewController.h; sourceTree = "<group>"; };
		E0AE84F81CFED24E00AA84FB /* ZHFirstViewController.m */ = {isa = PBXFileReference; fileEncoding = 4; lastKnownFileType = sourcecode.c.objc; path = ZHFirstViewController.m; sourceTree = "<group>"; };
		E0AE84FA1CFED25B00AA84FB /* ZHSecondViewController.h */ = {isa = PBXFileReference; fileEncoding = 4; lastKnownFileType = sourcecode.c.h; path = ZHSecondViewController.h; sourceTree = "<group>"; };
		E0AE84FB1CFED25B00AA84FB /* ZHSecondViewController.m */ = {isa = PBXFileReference; fileEncoding = 4; lastKnownFileType = sourcecode.c.objc; path = ZHSecondViewController.m; sourceTree = "<group>"; };
		E0AE84FD1CFED26700AA84FB /* ZHThirdViewController.h */ = {isa = PBXFileReference; fileEncoding = 4; lastKnownFileType = sourcecode.c.h; path = ZHThirdViewController.h; sourceTree = "<group>"; };
		E0AE84FE1CFED26700AA84FB /* ZHThirdViewController.m */ = {isa = PBXFileReference; fileEncoding = 4; lastKnownFileType = sourcecode.c.objc; path = ZHThirdViewController.m; sourceTree = "<group>"; };
		E0AE85001CFED27200AA84FB /* ZHFourthViewController.h */ = {isa = PBXFileReference; fileEncoding = 4; lastKnownFileType = sourcecode.c.h; path = ZHFourthViewController.h; sourceTree = "<group>"; };
		E0AE85011CFED27200AA84FB /* ZHFourthViewController.m */ = {isa = PBXFileReference; fileEncoding = 4; lastKnownFileType = sourcecode.c.objc; path = ZHFourthViewController.m; sourceTree = "<group>"; };
		E0AE85031CFED29100AA84FB /* ZHMiddleViewController.h */ = {isa = PBXFileReference; fileEncoding = 4; lastKnownFileType = sourcecode.c.h; path = ZHMiddleViewController.h; sourceTree = "<group>"; };
		E0AE85041CFED29100AA84FB /* ZHMiddleViewController.m */ = {isa = PBXFileReference; fileEncoding = 4; lastKnownFileType = sourcecode.c.objc; path = ZHMiddleViewController.m; sourceTree = "<group>"; };
		E0AE85061CFED50B00AA84FB /* PrefixHeader.pch */ = {isa = PBXFileReference; lastKnownFileType = sourcecode.c.h; path = PrefixHeader.pch; sourceTree = "<group>"; };
		E0AE85071CFED7C800AA84FB /* ZHNavigationViewController.h */ = {isa = PBXFileReference; fileEncoding = 4; lastKnownFileType = sourcecode.c.h; path = ZHNavigationViewController.h; sourceTree = "<group>"; };
		E0AE85081CFED7C800AA84FB /* ZHNavigationViewController.m */ = {isa = PBXFileReference; fileEncoding = 4; lastKnownFileType = sourcecode.c.objc; path = ZHNavigationViewController.m; sourceTree = "<group>"; };
		E0AE850A1CFEDC5C00AA84FB /* ZHTabBarButton.h */ = {isa = PBXFileReference; fileEncoding = 4; lastKnownFileType = sourcecode.c.h; path = ZHTabBarButton.h; sourceTree = "<group>"; };
		E0AE850B1CFEDC5C00AA84FB /* ZHTabBarButton.m */ = {isa = PBXFileReference; fileEncoding = 4; lastKnownFileType = sourcecode.c.objc; path = ZHTabBarButton.m; sourceTree = "<group>"; };
		E0AE850D1CFEDC7600AA84FB /* ZHTabBarBigButton.h */ = {isa = PBXFileReference; fileEncoding = 4; lastKnownFileType = sourcecode.c.h; path = ZHTabBarBigButton.h; sourceTree = "<group>"; };
		E0AE850E1CFEDC7600AA84FB /* ZHTabBarBigButton.m */ = {isa = PBXFileReference; fileEncoding = 4; lastKnownFileType = sourcecode.c.objc; path = ZHTabBarBigButton.m; sourceTree = "<group>"; };
		E0AE85101CFEDCE800AA84FB /* ZHBadgeView.h */ = {isa = PBXFileReference; fileEncoding = 4; lastKnownFileType = sourcecode.c.h; path = ZHBadgeView.h; sourceTree = "<group>"; };
		E0AE85111CFEDCE800AA84FB /* ZHBadgeView.m */ = {isa = PBXFileReference; fileEncoding = 4; lastKnownFileType = sourcecode.c.objc; path = ZHBadgeView.m; sourceTree = "<group>"; };
		E0AE85131CFEDD2C00AA84FB /* UIView+Extension.h */ = {isa = PBXFileReference; fileEncoding = 4; lastKnownFileType = sourcecode.c.h; path = "UIView+Extension.h"; sourceTree = "<group>"; };
		E0AE85141CFEDD2C00AA84FB /* UIView+Extension.m */ = {isa = PBXFileReference; fileEncoding = 4; lastKnownFileType = sourcecode.c.objc; path = "UIView+Extension.m"; sourceTree = "<group>"; };
		E0AE85161CFEDD5D00AA84FB /* ZHExtension.h */ = {isa = PBXFileReference; lastKnownFileType = sourcecode.c.h; path = ZHExtension.h; sourceTree = "<group>"; };
		E0AE85171CFEDE2000AA84FB /* UIImage+Extension.h */ = {isa = PBXFileReference; fileEncoding = 4; lastKnownFileType = sourcecode.c.h; path = "UIImage+Extension.h"; sourceTree = "<group>"; };
		E0AE85181CFEDE2000AA84FB /* UIImage+Extension.m */ = {isa = PBXFileReference; fileEncoding = 4; lastKnownFileType = sourcecode.c.objc; path = "UIImage+Extension.m"; sourceTree = "<group>"; };
		E0AE851A1CFEE18100AA84FB /* UIBarButtonItem+Extension.h */ = {isa = PBXFileReference; fileEncoding = 4; lastKnownFileType = sourcecode.c.h; path = "UIBarButtonItem+Extension.h"; sourceTree = "<group>"; };
		E0AE851B1CFEE18100AA84FB /* UIBarButtonItem+Extension.m */ = {isa = PBXFileReference; fileEncoding = 4; lastKnownFileType = sourcecode.c.objc; path = "UIBarButtonItem+Extension.m"; sourceTree = "<group>"; };
		E0AE851D1CFEE1D600AA84FB /* UIFont+Extension.h */ = {isa = PBXFileReference; fileEncoding = 4; lastKnownFileType = sourcecode.c.h; path = "UIFont+Extension.h"; sourceTree = "<group>"; };
		E0AE851E1CFEE1D600AA84FB /* UIFont+Extension.m */ = {isa = PBXFileReference; fileEncoding = 4; lastKnownFileType = sourcecode.c.objc; path = "UIFont+Extension.m"; sourceTree = "<group>"; };
/* End PBXFileReference section */

/* Begin PBXFrameworksBuildPhase section */
		E0AE84B21CFECD0800AA84FB /* Frameworks */ = {
			isa = PBXFrameworksBuildPhase;
			buildActionMask = 2147483647;
			files = (
			);
			runOnlyForDeploymentPostprocessing = 0;
		};
		E0AE84CB1CFECD0900AA84FB /* Frameworks */ = {
			isa = PBXFrameworksBuildPhase;
			buildActionMask = 2147483647;
			files = (
			);
			runOnlyForDeploymentPostprocessing = 0;
		};
		E0AE84D61CFECD0900AA84FB /* Frameworks */ = {
			isa = PBXFrameworksBuildPhase;
			buildActionMask = 2147483647;
			files = (
			);
			runOnlyForDeploymentPostprocessing = 0;
		};
/* End PBXFrameworksBuildPhase section */

/* Begin PBXGroup section */
		E0AE84AC1CFECD0800AA84FB = {
			isa = PBXGroup;
			children = (
				E0AE84B71CFECD0900AA84FB /* ZHTabBar */,
				E0AE84D11CFECD0900AA84FB /* ZHTabBarTests */,
				E0AE84DC1CFECD0900AA84FB /* ZHTabBarUITests */,
				E0AE84B61CFECD0800AA84FB /* Products */,
			);
			sourceTree = "<group>";
		};
		E0AE84B61CFECD0800AA84FB /* Products */ = {
			isa = PBXGroup;
			children = (
				E0AE84B51CFECD0800AA84FB /* ZHTabBar.app */,
				E0AE84CE1CFECD0900AA84FB /* ZHTabBarTests.xctest */,
				E0AE84D91CFECD0900AA84FB /* ZHTabBarUITests.xctest */,
			);
			name = Products;
			sourceTree = "<group>";
		};
		E0AE84B71CFECD0900AA84FB /* ZHTabBar */ = {
			isa = PBXGroup;
			children = (
				E0AE84F01CFECDBD00AA84FB /* Model */,
				E0AE84EF1CFECDB900AA84FB /* View */,
				E0AE84EB1CFECD8A00AA84FB /* Catagory */,
				E0AE84EC1CFECD9100AA84FB /* TabBar */,
				E0AE84ED1CFECD9900AA84FB /* Controller */,
				E0AE84EE1CFECDA000AA84FB /* MainController */,
				E0AE84BB1CFECD0900AA84FB /* AppDelegate.h */,
				E0AE84BC1CFECD0900AA84FB /* AppDelegate.m */,
				E0AE84BE1CFECD0900AA84FB /* ViewController.h */,
				E0AE84BF1CFECD0900AA84FB /* ViewController.m */,
				E0AE84C41CFECD0900AA84FB /* Assets.xcassets */,
				E0AE84C61CFECD0900AA84FB /* LaunchScreen.storyboard */,
				E0AE84C91CFECD0900AA84FB /* Info.plist */,
				E0AE84B81CFECD0900AA84FB /* Supporting Files */,
			);
			path = ZHTabBar;
			sourceTree = "<group>";
		};
		E0AE84B81CFECD0900AA84FB /* Supporting Files */ = {
			isa = PBXGroup;
			children = (
				E0AE84B91CFECD0900AA84FB /* main.m */,
				E0AE85061CFED50B00AA84FB /* PrefixHeader.pch */,
			);
			name = "Supporting Files";
			sourceTree = "<group>";
		};
		E0AE84D11CFECD0900AA84FB /* ZHTabBarTests */ = {
			isa = PBXGroup;
			children = (
				E0AE84D21CFECD0900AA84FB /* ZHTabBarTests.m */,
				E0AE84D41CFECD0900AA84FB /* Info.plist */,
			);
			path = ZHTabBarTests;
			sourceTree = "<group>";
		};
		E0AE84DC1CFECD0900AA84FB /* ZHTabBarUITests */ = {
			isa = PBXGroup;
			children = (
				E0AE84DD1CFECD0900AA84FB /* ZHTabBarUITests.m */,
				E0AE84DF1CFECD0900AA84FB /* Info.plist */,
			);
			path = ZHTabBarUITests;
			sourceTree = "<group>";
		};
		E0AE84EB1CFECD8A00AA84FB /* Catagory */ = {
			isa = PBXGroup;
			children = (
				E0AE85161CFEDD5D00AA84FB /* ZHExtension.h */,
				E0AE85131CFEDD2C00AA84FB /* UIView+Extension.h */,
				E0AE85141CFEDD2C00AA84FB /* UIView+Extension.m */,
				E0AE85171CFEDE2000AA84FB /* UIImage+Extension.h */,
				E0AE85181CFEDE2000AA84FB /* UIImage+Extension.m */,
				E0AE851A1CFEE18100AA84FB /* UIBarButtonItem+Extension.h */,
				E0AE851B1CFEE18100AA84FB /* UIBarButtonItem+Extension.m */,
				E0AE851D1CFEE1D600AA84FB /* UIFont+Extension.h */,
				E0AE851E1CFEE1D600AA84FB /* UIFont+Extension.m */,
			);
			path = Catagory;
			sourceTree = "<group>";
		};
		E0AE84EC1CFECD9100AA84FB /* TabBar */ = {
			isa = PBXGroup;
			children = (
				E0AE84F41CFED05C00AA84FB /* ZHTabBar.h */,
				E0AE84F51CFED05C00AA84FB /* ZHTabBar.m */,
				E0AE850A1CFEDC5C00AA84FB /* ZHTabBarButton.h */,
				E0AE850B1CFEDC5C00AA84FB /* ZHTabBarButton.m */,
				E0AE850D1CFEDC7600AA84FB /* ZHTabBarBigButton.h */,
				E0AE850E1CFEDC7600AA84FB /* ZHTabBarBigButton.m */,
				E0AE85101CFEDCE800AA84FB /* ZHBadgeView.h */,
				E0AE85111CFEDCE800AA84FB /* ZHBadgeView.m */,
			);
			path = TabBar;
			sourceTree = "<group>";
		};
		E0AE84ED1CFECD9900AA84FB /* Controller */ = {
			isa = PBXGroup;
			children = (
				E0AE84F71CFED24E00AA84FB /* ZHFirstViewController.h */,
				E0AE84F81CFED24E00AA84FB /* ZHFirstViewController.m */,
				E0AE84FA1CFED25B00AA84FB /* ZHSecondViewController.h */,
				E0AE84FB1CFED25B00AA84FB /* ZHSecondViewController.m */,
				E0AE84FD1CFED26700AA84FB /* ZHThirdViewController.h */,
				E0AE84FE1CFED26700AA84FB /* ZHThirdViewController.m */,
				E0AE85001CFED27200AA84FB /* ZHFourthViewController.h */,
				E0AE85011CFED27200AA84FB /* ZHFourthViewController.m */,
				E0AE85031CFED29100AA84FB /* ZHMiddleViewController.h */,
				E0AE85041CFED29100AA84FB /* ZHMiddleViewController.m */,
			);
			path = Controller;
			sourceTree = "<group>";
		};
		E0AE84EE1CFECDA000AA84FB /* MainController */ = {
			isa = PBXGroup;
			children = (
				E0AE84F11CFECFBC00AA84FB /* ZHTabBarViewController.h */,
				E0AE84F21CFECFBC00AA84FB /* ZHTabBarViewController.m */,
				E0AE85071CFED7C800AA84FB /* ZHNavigationViewController.h */,
				E0AE85081CFED7C800AA84FB /* ZHNavigationViewController.m */,
			);
			path = MainController;
			sourceTree = "<group>";
		};
		E0AE84EF1CFECDB900AA84FB /* View */ = {
			isa = PBXGroup;
			children = (
			);
			path = View;
			sourceTree = "<group>";
		};
		E0AE84F01CFECDBD00AA84FB /* Model */ = {
			isa = PBXGroup;
			children = (
			);
			path = Model;
			sourceTree = "<group>";
		};
/* End PBXGroup section */

/* Begin PBXNativeTarget section */
		E0AE84B41CFECD0800AA84FB /* ZHTabBar */ = {
			isa = PBXNativeTarget;
			buildConfigurationList = E0AE84E21CFECD0900AA84FB /* Build configuration list for PBXNativeTarget "ZHTabBar" */;
			buildPhases = (
				E0AE84B11CFECD0800AA84FB /* Sources */,
				E0AE84B21CFECD0800AA84FB /* Frameworks */,
				E0AE84B31CFECD0800AA84FB /* Resources */,
			);
			buildRules = (
			);
			dependencies = (
			);
			name = ZHTabBar;
			productName = ZHTabBar;
			productReference = E0AE84B51CFECD0800AA84FB /* ZHTabBar.app */;
			productType = "com.apple.product-type.application";
		};
		E0AE84CD1CFECD0900AA84FB /* ZHTabBarTests */ = {
			isa = PBXNativeTarget;
			buildConfigurationList = E0AE84E51CFECD0900AA84FB /* Build configuration list for PBXNativeTarget "ZHTabBarTests" */;
			buildPhases = (
				E0AE84CA1CFECD0900AA84FB /* Sources */,
				E0AE84CB1CFECD0900AA84FB /* Frameworks */,
				E0AE84CC1CFECD0900AA84FB /* Resources */,
			);
			buildRules = (
			);
			dependencies = (
				E0AE84D01CFECD0900AA84FB /* PBXTargetDependency */,
			);
			name = ZHTabBarTests;
			productName = ZHTabBarTests;
			productReference = E0AE84CE1CFECD0900AA84FB /* ZHTabBarTests.xctest */;
			productType = "com.apple.product-type.bundle.unit-test";
		};
		E0AE84D81CFECD0900AA84FB /* ZHTabBarUITests */ = {
			isa = PBXNativeTarget;
			buildConfigurationList = E0AE84E81CFECD0900AA84FB /* Build configuration list for PBXNativeTarget "ZHTabBarUITests" */;
			buildPhases = (
				E0AE84D51CFECD0900AA84FB /* Sources */,
				E0AE84D61CFECD0900AA84FB /* Frameworks */,
				E0AE84D71CFECD0900AA84FB /* Resources */,
			);
			buildRules = (
			);
			dependencies = (
				E0AE84DB1CFECD0900AA84FB /* PBXTargetDependency */,
			);
			name = ZHTabBarUITests;
			productName = ZHTabBarUITests;
			productReference = E0AE84D91CFECD0900AA84FB /* ZHTabBarUITests.xctest */;
			productType = "com.apple.product-type.bundle.ui-testing";
		};
/* End PBXNativeTarget section */

/* Begin PBXProject section */
		E0AE84AD1CFECD0800AA84FB /* Project object */ = {
			isa = PBXProject;
			attributes = {
				CLASSPREFIX = ZH;
				LastUpgradeCheck = 0730;
				ORGANIZATIONNAME = "周浩";
				TargetAttributes = {
					E0AE84B41CFECD0800AA84FB = {
						CreatedOnToolsVersion = 7.3.1;
					};
					E0AE84CD1CFECD0900AA84FB = {
						CreatedOnToolsVersion = 7.3.1;
						TestTargetID = E0AE84B41CFECD0800AA84FB;
					};
					E0AE84D81CFECD0900AA84FB = {
						CreatedOnToolsVersion = 7.3.1;
						TestTargetID = E0AE84B41CFECD0800AA84FB;
					};
				};
			};
			buildConfigurationList = E0AE84B01CFECD0800AA84FB /* Build configuration list for PBXProject "ZHTabBar" */;
			compatibilityVersion = "Xcode 3.2";
			developmentRegion = English;
			hasScannedForEncodings = 0;
			knownRegions = (
				en,
				Base,
			);
			mainGroup = E0AE84AC1CFECD0800AA84FB;
			productRefGroup = E0AE84B61CFECD0800AA84FB /* Products */;
			projectDirPath = "";
			projectRoot = "";
			targets = (
				E0AE84B41CFECD0800AA84FB /* ZHTabBar */,
				E0AE84CD1CFECD0900AA84FB /* ZHTabBarTests */,
				E0AE84D81CFECD0900AA84FB /* ZHTabBarUITests */,
			);
		};
/* End PBXProject section */

/* Begin PBXResourcesBuildPhase section */
		E0AE84B31CFECD0800AA84FB /* Resources */ = {
			isa = PBXResourcesBuildPhase;
			buildActionMask = 2147483647;
			files = (
				E0AE84C81CFECD0900AA84FB /* LaunchScreen.storyboard in Resources */,
				E0AE84C51CFECD0900AA84FB /* Assets.xcassets in Resources */,
			);
			runOnlyForDeploymentPostprocessing = 0;
		};
		E0AE84CC1CFECD0900AA84FB /* Resources */ = {
			isa = PBXResourcesBuildPhase;
			buildActionMask = 2147483647;
			files = (
			);
			runOnlyForDeploymentPostprocessing = 0;
		};
		E0AE84D71CFECD0900AA84FB /* Resources */ = {
			isa = PBXResourcesBuildPhase;
			buildActionMask = 2147483647;
			files = (
			);
			runOnlyForDeploymentPostprocessing = 0;
		};
/* End PBXResourcesBuildPhase section */

/* Begin PBXSourcesBuildPhase section */
		E0AE84B11CFECD0800AA84FB /* Sources */ = {
			isa = PBXSourcesBuildPhase;
			buildActionMask = 2147483647;
			files = (
				E0AE85151CFEDD2C00AA84FB /* UIView+Extension.m in Sources */,
				E0AE84F31CFECFBC00AA84FB /* ZHTabBarViewController.m in Sources */,
				E0AE850C1CFEDC5C00AA84FB /* ZHTabBarButton.m in Sources */,
				E0AE85121CFEDCE800AA84FB /* ZHBadgeView.m in Sources */,
				E0AE84F91CFED24E00AA84FB /* ZHFirstViewController.m in Sources */,
				E0AE84C01CFECD0900AA84FB /* ViewController.m in Sources */,
				E0AE84F61CFED05C00AA84FB /* ZHTabBar.m in Sources */,
				E0AE85191CFEDE2000AA84FB /* UIImage+Extension.m in Sources */,
				E0AE84BD1CFECD0900AA84FB /* AppDelegate.m in Sources */,
				E0AE84BA1CFECD0900AA84FB /* main.m in Sources */,
				E0AE850F1CFEDC7600AA84FB /* ZHTabBarBigButton.m in Sources */,
				E0AE851C1CFEE18100AA84FB /* UIBarButtonItem+Extension.m in Sources */,
				E0AE85021CFED27200AA84FB /* ZHFourthViewController.m in Sources */,
				E0AE84FF1CFED26700AA84FB /* ZHThirdViewController.m in Sources */,
				E0AE851F1CFEE1D600AA84FB /* UIFont+Extension.m in Sources */,
				E0AE85091CFED7C800AA84FB /* ZHNavigationViewController.m in Sources */,
				E0AE84FC1CFED25B00AA84FB /* ZHSecondViewController.m in Sources */,
				E0AE85051CFED29100AA84FB /* ZHMiddleViewController.m in Sources */,
			);
			runOnlyForDeploymentPostprocessing = 0;
		};
		E0AE84CA1CFECD0900AA84FB /* Sources */ = {
			isa = PBXSourcesBuildPhase;
			buildActionMask = 2147483647;
			files = (
				E0AE84D31CFECD0900AA84FB /* ZHTabBarTests.m in Sources */,
			);
			runOnlyForDeploymentPostprocessing = 0;
		};
		E0AE84D51CFECD0900AA84FB /* Sources */ = {
			isa = PBXSourcesBuildPhase;
			buildActionMask = 2147483647;
			files = (
				E0AE84DE1CFECD0900AA84FB /* ZHTabBarUITests.m in Sources */,
			);
			runOnlyForDeploymentPostprocessing = 0;
		};
/* End PBXSourcesBuildPhase section */

/* Begin PBXTargetDependency section */
		E0AE84D01CFECD0900AA84FB /* PBXTargetDependency */ = {
			isa = PBXTargetDependency;
			target = E0AE84B41CFECD0800AA84FB /* ZHTabBar */;
			targetProxy = E0AE84CF1CFECD0900AA84FB /* PBXContainerItemProxy */;
		};
		E0AE84DB1CFECD0900AA84FB /* PBXTargetDependency */ = {
			isa = PBXTargetDependency;
			target = E0AE84B41CFECD0800AA84FB /* ZHTabBar */;
			targetProxy = E0AE84DA1CFECD0900AA84FB /* PBXContainerItemProxy */;
		};
/* End PBXTargetDependency section */

/* Begin PBXVariantGroup section */
		E0AE84C61CFECD0900AA84FB /* LaunchScreen.storyboard */ = {
			isa = PBXVariantGroup;
			children = (
				E0AE84C71CFECD0900AA84FB /* Base */,
			);
			name = LaunchScreen.storyboard;
			sourceTree = "<group>";
		};
/* End PBXVariantGroup section */

/* Begin XCBuildConfiguration section */
		E0AE84E01CFECD0900AA84FB /* Debug */ = {
			isa = XCBuildConfiguration;
			buildSettings = {
				ALWAYS_SEARCH_USER_PATHS = NO;
				CLANG_ANALYZER_NONNULL = YES;
				CLANG_CXX_LANGUAGE_STANDARD = "gnu++0x";
				CLANG_CXX_LIBRARY = "libc++";
				CLANG_ENABLE_MODULES = YES;
				CLANG_ENABLE_OBJC_ARC = YES;
				CLANG_WARN_BOOL_CONVERSION = YES;
				CLANG_WARN_CONSTANT_CONVERSION = YES;
				CLANG_WARN_DIRECT_OBJC_ISA_USAGE = YES_ERROR;
				CLANG_WARN_EMPTY_BODY = YES;
				CLANG_WARN_ENUM_CONVERSION = YES;
				CLANG_WARN_INT_CONVERSION = YES;
				CLANG_WARN_OBJC_ROOT_CLASS = YES_ERROR;
				CLANG_WARN_UNREACHABLE_CODE = YES;
				CLANG_WARN__DUPLICATE_METHOD_MATCH = YES;
				"CODE_SIGN_IDENTITY[sdk=iphoneos*]" = "iPhone Developer";
				COPY_PHASE_STRIP = NO;
				DEBUG_INFORMATION_FORMAT = dwarf;
				ENABLE_STRICT_OBJC_MSGSEND = YES;
				ENABLE_TESTABILITY = YES;
				GCC_C_LANGUAGE_STANDARD = gnu99;
				GCC_DYNAMIC_NO_PIC = NO;
				GCC_NO_COMMON_BLOCKS = YES;
				GCC_OPTIMIZATION_LEVEL = 0;
				GCC_PREPROCESSOR_DEFINITIONS = (
					"DEBUG=1",
					"$(inherited)",
				);
				GCC_WARN_64_TO_32_BIT_CONVERSION = YES;
				GCC_WARN_ABOUT_RETURN_TYPE = YES_ERROR;
				GCC_WARN_UNDECLARED_SELECTOR = YES;
				GCC_WARN_UNINITIALIZED_AUTOS = YES_AGGRESSIVE;
				GCC_WARN_UNUSED_FUNCTION = YES;
				GCC_WARN_UNUSED_VARIABLE = YES;
				IPHONEOS_DEPLOYMENT_TARGET = 9.3;
				MTL_ENABLE_DEBUG_INFO = YES;
				ONLY_ACTIVE_ARCH = YES;
				SDKROOT = iphoneos;
				TARGETED_DEVICE_FAMILY = 2;
			};
			name = Debug;
		};
		E0AE84E11CFECD0900AA84FB /* Release */ = {
			isa = XCBuildConfiguration;
			buildSettings = {
				ALWAYS_SEARCH_USER_PATHS = NO;
				CLANG_ANALYZER_NONNULL = YES;
				CLANG_CXX_LANGUAGE_STANDARD = "gnu++0x";
				CLANG_CXX_LIBRARY = "libc++";
				CLANG_ENABLE_MODULES = YES;
				CLANG_ENABLE_OBJC_ARC = YES;
				CLANG_WARN_BOOL_CONVERSION = YES;
				CLANG_WARN_CONSTANT_CONVERSION = YES;
				CLANG_WARN_DIRECT_OBJC_ISA_USAGE = YES_ERROR;
				CLANG_WARN_EMPTY_BODY = YES;
				CLANG_WARN_ENUM_CONVERSION = YES;
				CLANG_WARN_INT_CONVERSION = YES;
				CLANG_WARN_OBJC_ROOT_CLASS = YES_ERROR;
				CLANG_WARN_UNREACHABLE_CODE = YES;
				CLANG_WARN__DUPLICATE_METHOD_MATCH = YES;
				"CODE_SIGN_IDENTITY[sdk=iphoneos*]" = "iPhone Developer";
				COPY_PHASE_STRIP = NO;
				DEBUG_INFORMATION_FORMAT = "dwarf-with-dsym";
				ENABLE_NS_ASSERTIONS = NO;
				ENABLE_STRICT_OBJC_MSGSEND = YES;
				GCC_C_LANGUAGE_STANDARD = gnu99;
				GCC_NO_COMMON_BLOCKS = YES;
				GCC_WARN_64_TO_32_BIT_CONVERSION = YES;
				GCC_WARN_ABOUT_RETURN_TYPE = YES_ERROR;
				GCC_WARN_UNDECLARED_SELECTOR = YES;
				GCC_WARN_UNINITIALIZED_AUTOS = YES_AGGRESSIVE;
				GCC_WARN_UNUSED_FUNCTION = YES;
				GCC_WARN_UNUSED_VARIABLE = YES;
				IPHONEOS_DEPLOYMENT_TARGET = 9.3;
				MTL_ENABLE_DEBUG_INFO = NO;
				SDKROOT = iphoneos;
				TARGETED_DEVICE_FAMILY = 2;
				VALIDATE_PRODUCT = YES;
			};
			name = Release;
		};
		E0AE84E31CFECD0900AA84FB /* Debug */ = {
			isa = XCBuildConfiguration;
			buildSettings = {
				ASSETCATALOG_COMPILER_APPICON_NAME = AppIcon;
				GCC_PREFIX_HEADER = ZHTabBar/PrefixHeader.pch;
				INFOPLIST_FILE = ZHTabBar/Info.plist;
				LD_RUNPATH_SEARCH_PATHS = "$(inherited) @executable_path/Frameworks";
				PRODUCT_BUNDLE_IDENTIFIER = com.hao.zhou.ZHTabBar;
				PRODUCT_NAME = "$(TARGET_NAME)";
				TARGETED_DEVICE_FAMILY = 1;
			};
			name = Debug;
		};
		E0AE84E41CFECD0900AA84FB /* Release */ = {
			isa = XCBuildConfiguration;
			buildSettings = {
				ASSETCATALOG_COMPILER_APPICON_NAME = AppIcon;
				GCC_PREFIX_HEADER = ZHTabBar/PrefixHeader.pch;
				INFOPLIST_FILE = ZHTabBar/Info.plist;
				LD_RUNPATH_SEARCH_PATHS = "$(inherited) @executable_path/Frameworks";
				PRODUCT_BUNDLE_IDENTIFIER = com.hao.zhou.ZHTabBar;
				PRODUCT_NAME = "$(TARGET_NAME)";
				TARGETED_DEVICE_FAMILY = 1;
			};
			name = Release;
		};
		E0AE84E61CFECD0900AA84FB /* Debug */ = {
			isa = XCBuildConfiguration;
			buildSettings = {
				BUNDLE_LOADER = "$(TEST_HOST)";
				INFOPLIST_FILE = ZHTabBarTests/Info.plist;
				LD_RUNPATH_SEARCH_PATHS = "$(inherited) @executable_path/Frameworks @loader_path/Frameworks";
				PRODUCT_BUNDLE_IDENTIFIER = com.hao.zhou.ZHTabBarTests;
				PRODUCT_NAME = "$(TARGET_NAME)";
				TEST_HOST = "$(BUILT_PRODUCTS_DIR)/ZHTabBar.app/ZHTabBar";
			};
			name = Debug;
		};
		E0AE84E71CFECD0900AA84FB /* Release */ = {
			isa = XCBuildConfiguration;
			buildSettings = {
				BUNDLE_LOADER = "$(TEST_HOST)";
				INFOPLIST_FILE = ZHTabBarTests/Info.plist;
				LD_RUNPATH_SEARCH_PATHS = "$(inherited) @executable_path/Frameworks @loader_path/Frameworks";
				PRODUCT_BUNDLE_IDENTIFIER = com.hao.zhou.ZHTabBarTests;
				PRODUCT_NAME = "$(TARGET_NAME)";
				TEST_HOST = "$(BUILT_PRODUCTS_DIR)/ZHTabBar.app/ZHTabBar";
			};
			name = Release;
		};
		E0AE84E91CFECD0900AA84FB /* Debug */ = {
			isa = XCBuildConfiguration;
			buildSettings = {
				INFOPLIST_FILE = ZHTabBarUITests/Info.plist;
				LD_RUNPATH_SEARCH_PATHS = "$(inherited) @executable_path/Frameworks @loader_path/Frameworks";
				PRODUCT_BUNDLE_IDENTIFIER = com.hao.zhou.ZHTabBarUITests;
				PRODUCT_NAME = "$(TARGET_NAME)";
				TEST_TARGET_NAME = ZHTabBar;
			};
			name = Debug;
		};
		E0AE84EA1CFECD0900AA84FB /* Release */ = {
			isa = XCBuildConfiguration;
			buildSettings = {
				INFOPLIST_FILE = ZHTabBarUITests/Info.plist;
				LD_RUNPATH_SEARCH_PATHS = "$(inherited) @executable_path/Frameworks @loader_path/Frameworks";
				PRODUCT_BUNDLE_IDENTIFIER = com.hao.zhou.ZHTabBarUITests;
				PRODUCT_NAME = "$(TARGET_NAME)";
				TEST_TARGET_NAME = ZHTabBar;
			};
			name = Release;
		};
/* End XCBuildConfiguration section */

/* Begin XCConfigurationList section */
		E0AE84B01CFECD0800AA84FB /* Build configuration list for PBXProject "ZHTabBar" */ = {
			isa = XCConfigurationList;
			buildConfigurations = (
				E0AE84E01CFECD0900AA84FB /* Debug */,
				E0AE84E11CFECD0900AA84FB /* Release */,
			);
			defaultConfigurationIsVisible = 0;
			defaultConfigurationName = Release;
		};
		E0AE84E21CFECD0900AA84FB /* Build configuration list for PBXNativeTarget "ZHTabBar" */ = {
			isa = XCConfigurationList;
			buildConfigurations = (
				E0AE84E31CFECD0900AA84FB /* Debug */,
				E0AE84E41CFECD0900AA84FB /* Release */,
			);
			defaultConfigurationIsVisible = 0;
		};
		E0AE84E51CFECD0900AA84FB /* Build configuration list for PBXNativeTarget "ZHTabBarTests" */ = {
			isa = XCConfigurationList;
			buildConfigurations = (
				E0AE84E61CFECD0900AA84FB /* Debug */,
				E0AE84E71CFECD0900AA84FB /* Release */,
			);
			defaultConfigurationIsVisible = 0;
		};
		E0AE84E81CFECD0900AA84FB /* Build configuration list for PBXNativeTarget "ZHTabBarUITests" */ = {
			isa = XCConfigurationList;
			buildConfigurations = (
				E0AE84E91CFECD0900AA84FB /* Debug */,
				E0AE84EA1CFECD0900AA84FB /* Release */,
			);
			defaultConfigurationIsVisible = 0;
		};
/* End XCConfigurationList section */
	};
	rootObject = E0AE84AD1CFECD0800AA84FB /* Project object */;
}
